// !$*UTF8*$!
{
	archiveVersion = 1;
	classes = {
	};
	objectVersion = 55;
	objects = {

/* Begin PBXBuildFile section */
		204D6D3228C079DD00CCEEF1 /* UIImage+Ext.swift in Sources */ = {isa = PBXBuildFile; fileRef = 204D6D3128C079DD00CCEEF1 /* UIImage+Ext.swift */; };
		2064BF0628BC8E89002EEDA3 /* AddTransactionForm.swift in Sources */ = {isa = PBXBuildFile; fileRef = 2064BF0528BC8E89002EEDA3 /* AddTransactionForm.swift */; };
		2064BF0928BE7EE0002EEDA3 /* PhotoPickerView.swift in Sources */ = {isa = PBXBuildFile; fileRef = 2064BF0828BE7EE0002EEDA3 /* PhotoPickerView.swift */; };
		2064BF2128BEDEF4002EEDA3 /* TransactionListView.swift in Sources */ = {isa = PBXBuildFile; fileRef = 2064BF2028BEDEF4002EEDA3 /* TransactionListView.swift */; };
		2064BF2328BEE0E4002EEDA3 /* CardTransactionView.swift in Sources */ = {isa = PBXBuildFile; fileRef = 2064BF2228BEE0E4002EEDA3 /* CardTransactionView.swift */; };
		2070238628B9F265002B03BD /* CoreDataCreditCardApp.swift in Sources */ = {isa = PBXBuildFile; fileRef = 2070238528B9F265002B03BD /* CoreDataCreditCardApp.swift */; };
		2070238828B9F265002B03BD /* ContentView.swift in Sources */ = {isa = PBXBuildFile; fileRef = 2070238728B9F265002B03BD /* ContentView.swift */; };
		2070238A28B9F267002B03BD /* Assets.xcassets in Resources */ = {isa = PBXBuildFile; fileRef = 2070238928B9F267002B03BD /* Assets.xcassets */; };
		2070238D28B9F267002B03BD /* Preview Assets.xcassets in Resources */ = {isa = PBXBuildFile; fileRef = 2070238C28B9F267002B03BD /* Preview Assets.xcassets */; };
		2070238F28B9F267002B03BD /* Persistence.swift in Sources */ = {isa = PBXBuildFile; fileRef = 2070238E28B9F267002B03BD /* Persistence.swift */; };
		2070239228B9F267002B03BD /* CoreDataCreditCard.xcdatamodeld in Sources */ = {isa = PBXBuildFile; fileRef = 2070239028B9F267002B03BD /* CoreDataCreditCard.xcdatamodeld */; };
		2070239928B9F42E002B03BD /* MainView.swift in Sources */ = {isa = PBXBuildFile; fileRef = 2070239828B9F42E002B03BD /* MainView.swift */; };
		2070239F28BABB2D002B03BD /* AddCardForm.swift in Sources */ = {isa = PBXBuildFile; fileRef = 2070239E28BABB2D002B03BD /* AddCardForm.swift */; };
		207023A628BB4456002B03BD /* UIColor+Ext.swift in Sources */ = {isa = PBXBuildFile; fileRef = 207023A528BB4456002B03BD /* UIColor+Ext.swift */; };
		207023A828BB55E2002B03BD /* CreditCardView.swift in Sources */ = {isa = PBXBuildFile; fileRef = 207023A728BB55E2002B03BD /* CreditCardView.swift */; };
/* End PBXBuildFile section */

/* Begin PBXFileReference section */
		204D6D3128C079DD00CCEEF1 /* UIImage+Ext.swift */ = {isa = PBXFileReference; lastKnownFileType = sourcecode.swift; path = "UIImage+Ext.swift"; sourceTree = "<group>"; };
		2064BF0528BC8E89002EEDA3 /* AddTransactionForm.swift */ = {isa = PBXFileReference; lastKnownFileType = sourcecode.swift; path = AddTransactionForm.swift; sourceTree = "<group>"; };
		2064BF0828BE7EE0002EEDA3 /* PhotoPickerView.swift */ = {isa = PBXFileReference; lastKnownFileType = sourcecode.swift; path = PhotoPickerView.swift; sourceTree = "<group>"; };
		2064BF2028BEDEF4002EEDA3 /* TransactionListView.swift */ = {isa = PBXFileReference; lastKnownFileType = sourcecode.swift; path = TransactionListView.swift; sourceTree = "<group>"; };
		2064BF2228BEE0E4002EEDA3 /* CardTransactionView.swift */ = {isa = PBXFileReference; lastKnownFileType = sourcecode.swift; path = CardTransactionView.swift; sourceTree = "<group>"; };
		2070238228B9F265002B03BD /* CoreDataCreditCard.app */ = {isa = PBXFileReference; explicitFileType = wrapper.application; includeInIndex = 0; path = CoreDataCreditCard.app; sourceTree = BUILT_PRODUCTS_DIR; };
		2070238528B9F265002B03BD /* CoreDataCreditCardApp.swift */ = {isa = PBXFileReference; lastKnownFileType = sourcecode.swift; path = CoreDataCreditCardApp.swift; sourceTree = "<group>"; };
		2070238728B9F265002B03BD /* ContentView.swift */ = {isa = PBXFileReference; lastKnownFileType = sourcecode.swift; path = ContentView.swift; sourceTree = "<group>"; };
		2070238928B9F267002B03BD /* Assets.xcassets */ = {isa = PBXFileReference; lastKnownFileType = folder.assetcatalog; path = Assets.xcassets; sourceTree = "<group>"; };
		2070238C28B9F267002B03BD /* Preview Assets.xcassets */ = {isa = PBXFileReference; lastKnownFileType = folder.assetcatalog; path = "Preview Assets.xcassets"; sourceTree = "<group>"; };
		2070238E28B9F267002B03BD /* Persistence.swift */ = {isa = PBXFileReference; lastKnownFileType = sourcecode.swift; path = Persistence.swift; sourceTree = "<group>"; };
		2070239128B9F267002B03BD /* CoreDataCreditCard.xcdatamodel */ = {isa = PBXFileReference; lastKnownFileType = wrapper.xcdatamodel; path = CoreDataCreditCard.xcdatamodel; sourceTree = "<group>"; };
		2070239828B9F42E002B03BD /* MainView.swift */ = {isa = PBXFileReference; lastKnownFileType = sourcecode.swift; path = MainView.swift; sourceTree = "<group>"; };
		2070239E28BABB2D002B03BD /* AddCardForm.swift */ = {isa = PBXFileReference; lastKnownFileType = sourcecode.swift; path = AddCardForm.swift; sourceTree = "<group>"; };
		207023A528BB4456002B03BD /* UIColor+Ext.swift */ = {isa = PBXFileReference; lastKnownFileType = sourcecode.swift; path = "UIColor+Ext.swift"; sourceTree = "<group>"; };
		207023A728BB55E2002B03BD /* CreditCardView.swift */ = {isa = PBXFileReference; lastKnownFileType = sourcecode.swift; path = CreditCardView.swift; sourceTree = "<group>"; };
/* End PBXFileReference section */

/* Begin PBXFrameworksBuildPhase section */
		2070237F28B9F265002B03BD /* Frameworks */ = {
			isa = PBXFrameworksBuildPhase;
			buildActionMask = 2147483647;
			files = (
			);
			runOnlyForDeploymentPostprocessing = 0;
		};
/* End PBXFrameworksBuildPhase section */

/* Begin PBXGroup section */
		2064BF0428BC8E71002EEDA3 /* Transaction */ = {
			isa = PBXGroup;
			children = (
				2064BF0528BC8E89002EEDA3 /* AddTransactionForm.swift */,
				2064BF2028BEDEF4002EEDA3 /* TransactionListView.swift */,
				2064BF2228BEE0E4002EEDA3 /* CardTransactionView.swift */,
			);
			path = Transaction;
			sourceTree = "<group>";
		};
		2064BF0728BE7ECB002EEDA3 /* PhotoPickerView */ = {
			isa = PBXGroup;
			children = (
				2064BF0828BE7EE0002EEDA3 /* PhotoPickerView.swift */,
			);
			path = PhotoPickerView;
			sourceTree = "<group>";
		};
		2070237928B9F265002B03BD = {
			isa = PBXGroup;
			children = (
				2070238428B9F265002B03BD /* CoreDataCreditCard */,
				2070238328B9F265002B03BD /* Products */,
			);
			sourceTree = "<group>";
		};
		2070238328B9F265002B03BD /* Products */ = {
			isa = PBXGroup;
			children = (
				2070238228B9F265002B03BD /* CoreDataCreditCard.app */,
			);
			name = Products;
			sourceTree = "<group>";
		};
		2070238428B9F265002B03BD /* CoreDataCreditCard */ = {
			isa = PBXGroup;
			children = (
				2070239C28BABB0A002B03BD /* MainView */,
				2070238528B9F265002B03BD /* CoreDataCreditCardApp.swift */,
				2070238728B9F265002B03BD /* ContentView.swift */,
				2070238928B9F267002B03BD /* Assets.xcassets */,
				2070238E28B9F267002B03BD /* Persistence.swift */,
				2070239028B9F267002B03BD /* CoreDataCreditCard.xcdatamodeld */,
				2070238B28B9F267002B03BD /* Preview Content */,
			);
			path = CoreDataCreditCard;
			sourceTree = "<group>";
		};
		2070238B28B9F267002B03BD /* Preview Content */ = {
			isa = PBXGroup;
			children = (
				2070238C28B9F267002B03BD /* Preview Assets.xcassets */,
			);
			path = "Preview Content";
			sourceTree = "<group>";
		};
		2070239C28BABB0A002B03BD /* MainView */ = {
			isa = PBXGroup;
			children = (
				2064BF0728BE7ECB002EEDA3 /* PhotoPickerView */,
				2064BF0428BC8E71002EEDA3 /* Transaction */,
				207023A428BB4439002B03BD /* Extensions */,
				2070239D28BABB1C002B03BD /* AddCard */,
				2070239828B9F42E002B03BD /* MainView.swift */,
				207023A728BB55E2002B03BD /* CreditCardView.swift */,
			);
			path = MainView;
			sourceTree = "<group>";
		};
		2070239D28BABB1C002B03BD /* AddCard */ = {
			isa = PBXGroup;
			children = (
				2070239E28BABB2D002B03BD /* AddCardForm.swift */,
			);
			path = AddCard;
			sourceTree = "<group>";
		};
		207023A428BB4439002B03BD /* Extensions */ = {
			isa = PBXGroup;
			children = (
				207023A528BB4456002B03BD /* UIColor+Ext.swift */,
				204D6D3128C079DD00CCEEF1 /* UIImage+Ext.swift */,
			);
			path = Extensions;
			sourceTree = "<group>";
		};
/* End PBXGroup section */

/* Begin PBXNativeTarget section */
		2070238128B9F265002B03BD /* CoreDataCreditCard */ = {
			isa = PBXNativeTarget;
			buildConfigurationList = 2070239528B9F267002B03BD /* Build configuration list for PBXNativeTarget "CoreDataCreditCard" */;
			buildPhases = (
				2070237E28B9F265002B03BD /* Sources */,
				2070237F28B9F265002B03BD /* Frameworks */,
				2070238028B9F265002B03BD /* Resources */,
			);
			buildRules = (
			);
			dependencies = (
			);
			name = CoreDataCreditCard;
			productName = CoreDataCreditCard;
			productReference = 2070238228B9F265002B03BD /* CoreDataCreditCard.app */;
			productType = "com.apple.product-type.application";
		};
/* End PBXNativeTarget section */

/* Begin PBXProject section */
		2070237A28B9F265002B03BD /* Project object */ = {
			isa = PBXProject;
			attributes = {
				BuildIndependentTargetsInParallel = 1;
				LastSwiftUpdateCheck = 1340;
				LastUpgradeCheck = 1340;
				TargetAttributes = {
					2070238128B9F265002B03BD = {
						CreatedOnToolsVersion = 13.4.1;
					};
				};
			};
			buildConfigurationList = 2070237D28B9F265002B03BD /* Build configuration list for PBXProject "CoreDataCreditCard" */;
			compatibilityVersion = "Xcode 13.0";
			developmentRegion = en;
			hasScannedForEncodings = 0;
			knownRegions = (
				en,
				Base,
			);
			mainGroup = 2070237928B9F265002B03BD;
			productRefGroup = 2070238328B9F265002B03BD /* Products */;
			projectDirPath = "";
			projectRoot = "";
			targets = (
				2070238128B9F265002B03BD /* CoreDataCreditCard */,
			);
		};
/* End PBXProject section */

/* Begin PBXResourcesBuildPhase section */
		2070238028B9F265002B03BD /* Resources */ = {
			isa = PBXResourcesBuildPhase;
			buildActionMask = 2147483647;
			files = (
				2070238D28B9F267002B03BD /* Preview Assets.xcassets in Resources */,
				2070238A28B9F267002B03BD /* Assets.xcassets in Resources */,
			);
			runOnlyForDeploymentPostprocessing = 0;
		};
/* End PBXResourcesBuildPhase section */

/* Begin PBXSourcesBuildPhase section */
		2070237E28B9F265002B03BD /* Sources */ = {
			isa = PBXSourcesBuildPhase;
			buildActionMask = 2147483647;
			files = (
				2070238F28B9F267002B03BD /* Persistence.swift in Sources */,
				207023A628BB4456002B03BD /* UIColor+Ext.swift in Sources */,
				2070239F28BABB2D002B03BD /* AddCardForm.swift in Sources */,
				2064BF2328BEE0E4002EEDA3 /* CardTransactionView.swift in Sources */,
				2064BF0928BE7EE0002EEDA3 /* PhotoPickerView.swift in Sources */,
				2070238828B9F265002B03BD /* ContentView.swift in Sources */,
				204D6D3228C079DD00CCEEF1 /* UIImage+Ext.swift in Sources */,
				2064BF0628BC8E89002EEDA3 /* AddTransactionForm.swift in Sources */,
				2070238628B9F265002B03BD /* CoreDataCreditCardApp.swift in Sources */,
				2070239928B9F42E002B03BD /* MainView.swift in Sources */,
				2064BF2128BEDEF4002EEDA3 /* TransactionListView.swift in Sources */,
				2070239228B9F267002B03BD /* CoreDataCreditCard.xcdatamodeld in Sources */,
				207023A828BB55E2002B03BD /* CreditCardView.swift in Sources */,
			);
			runOnlyForDeploymentPostprocessing = 0;
		};
/* End PBXSourcesBuildPhase section */

/* Begin XCBuildConfiguration section */
		2070239328B9F267002B03BD /* Debug */ = {
			isa = XCBuildConfiguration;
			buildSettings = {
				ALWAYS_SEARCH_USER_PATHS = NO;
				CLANG_ANALYZER_NONNULL = YES;
				CLANG_ANALYZER_NUMBER_OBJECT_CONVERSION = YES_AGGRESSIVE;
				CLANG_CXX_LANGUAGE_STANDARD = "gnu++17";
				CLANG_ENABLE_MODULES = YES;
				CLANG_ENABLE_OBJC_ARC = YES;
				CLANG_ENABLE_OBJC_WEAK = YES;
				CLANG_WARN_BLOCK_CAPTURE_AUTORELEASING = YES;
				CLANG_WARN_BOOL_CONVERSION = YES;
				CLANG_WARN_COMMA = YES;
				CLANG_WARN_CONSTANT_CONVERSION = YES;
				CLANG_WARN_DEPRECATED_OBJC_IMPLEMENTATIONS = YES;
				CLANG_WARN_DIRECT_OBJC_ISA_USAGE = YES_ERROR;
				CLANG_WARN_DOCUMENTATION_COMMENTS = YES;
				CLANG_WARN_EMPTY_BODY = YES;
				CLANG_WARN_ENUM_CONVERSION = YES;
				CLANG_WARN_INFINITE_RECURSION = YES;
				CLANG_WARN_INT_CONVERSION = YES;
				CLANG_WARN_NON_LITERAL_NULL_CONVERSION = YES;
				CLANG_WARN_OBJC_IMPLICIT_RETAIN_SELF = YES;
				CLANG_WARN_OBJC_LITERAL_CONVERSION = YES;
				CLANG_WARN_OBJC_ROOT_CLASS = YES_ERROR;
				CLANG_WARN_QUOTED_INCLUDE_IN_FRAMEWORK_HEADER = YES;
				CLANG_WARN_RANGE_LOOP_ANALYSIS = YES;
				CLANG_WARN_STRICT_PROTOTYPES = YES;
				CLANG_WARN_SUSPICIOUS_MOVE = YES;
				CLANG_WARN_UNGUARDED_AVAILABILITY = YES_AGGRESSIVE;
				CLANG_WARN_UNREACHABLE_CODE = YES;
				CLANG_WARN__DUPLICATE_METHOD_MATCH = YES;
				COPY_PHASE_STRIP = NO;
				DEBUG_INFORMATION_FORMAT = dwarf;
				ENABLE_STRICT_OBJC_MSGSEND = YES;
				ENABLE_TESTABILITY = YES;
				GCC_C_LANGUAGE_STANDARD = gnu11;
				GCC_DYNAMIC_NO_PIC = NO;
				GCC_NO_COMMON_BLOCKS = YES;
				GCC_OPTIMIZATION_LEVEL = 0;
				GCC_PREPROCESSOR_DEFINITIONS = (
					"DEBUG=1",
					"$(inherited)",
				);
				GCC_WARN_64_TO_32_BIT_CONVERSION = YES;
				GCC_WARN_ABOUT_RETURN_TYPE = YES_ERROR;
				GCC_WARN_UNDECLARED_SELECTOR = YES;
				GCC_WARN_UNINITIALIZED_AUTOS = YES_AGGRESSIVE;
				GCC_WARN_UNUSED_FUNCTION = YES;
				GCC_WARN_UNUSED_VARIABLE = YES;
				IPHONEOS_DEPLOYMENT_TARGET = 15.5;
				MTL_ENABLE_DEBUG_INFO = INCLUDE_SOURCE;
				MTL_FAST_MATH = YES;
				ONLY_ACTIVE_ARCH = YES;
				SDKROOT = iphoneos;
				SWIFT_ACTIVE_COMPILATION_CONDITIONS = DEBUG;
				SWIFT_OPTIMIZATION_LEVEL = "-Onone";
			};
			name = Debug;
		};
		2070239428B9F267002B03BD /* Release */ = {
			isa = XCBuildConfiguration;
			buildSettings = {
				ALWAYS_SEARCH_USER_PATHS = NO;
				CLANG_ANALYZER_NONNULL = YES;
				CLANG_ANALYZER_NUMBER_OBJECT_CONVERSION = YES_AGGRESSIVE;
				CLANG_CXX_LANGUAGE_STANDARD = "gnu++17";
				CLANG_ENABLE_MODULES = YES;
				CLANG_ENABLE_OBJC_ARC = YES;
				CLANG_ENABLE_OBJC_WEAK = YES;
				CLANG_WARN_BLOCK_CAPTURE_AUTORELEASING = YES;
				CLANG_WARN_BOOL_CONVERSION = YES;
				CLANG_WARN_COMMA = YES;
				CLANG_WARN_CONSTANT_CONVERSION = YES;
				CLANG_WARN_DEPRECATED_OBJC_IMPLEMENTATIONS = YES;
				CLANG_WARN_DIRECT_OBJC_ISA_USAGE = YES_ERROR;
				CLANG_WARN_DOCUMENTATION_COMMENTS = YES;
				CLANG_WARN_EMPTY_BODY = YES;
				CLANG_WARN_ENUM_CONVERSION = YES;
				CLANG_WARN_INFINITE_RECURSION = YES;
				CLANG_WARN_INT_CONVERSION = YES;
				CLANG_WARN_NON_LITERAL_NULL_CONVERSION = YES;
				CLANG_WARN_OBJC_IMPLICIT_RETAIN_SELF = YES;
				CLANG_WARN_OBJC_LITERAL_CONVERSION = YES;
				CLANG_WARN_OBJC_ROOT_CLASS = YES_ERROR;
				CLANG_WARN_QUOTED_INCLUDE_IN_FRAMEWORK_HEADER = YES;
				CLANG_WARN_RANGE_LOOP_ANALYSIS = YES;
				CLANG_WARN_STRICT_PROTOTYPES = YES;
				CLANG_WARN_SUSPICIOUS_MOVE = YES;
				CLANG_WARN_UNGUARDED_AVAILABILITY = YES_AGGRESSIVE;
				CLANG_WARN_UNREACHABLE_CODE = YES;
				CLANG_WARN__DUPLICATE_METHOD_MATCH = YES;
				COPY_PHASE_STRIP = NO;
				DEBUG_INFORMATION_FORMAT = "dwarf-with-dsym";
				ENABLE_NS_ASSERTIONS = NO;
				ENABLE_STRICT_OBJC_MSGSEND = YES;
				GCC_C_LANGUAGE_STANDARD = gnu11;
				GCC_NO_COMMON_BLOCKS = YES;
				GCC_WARN_64_TO_32_BIT_CONVERSION = YES;
				GCC_WARN_ABOUT_RETURN_TYPE = YES_ERROR;
				GCC_WARN_UNDECLARED_SELECTOR = YES;
				GCC_WARN_UNINITIALIZED_AUTOS = YES_AGGRESSIVE;
				GCC_WARN_UNUSED_FUNCTION = YES;
				GCC_WARN_UNUSED_VARIABLE = YES;
				IPHONEOS_DEPLOYMENT_TARGET = 15.5;
				MTL_ENABLE_DEBUG_INFO = NO;
				MTL_FAST_MATH = YES;
				SDKROOT = iphoneos;
				SWIFT_COMPILATION_MODE = wholemodule;
				SWIFT_OPTIMIZATION_LEVEL = "-O";
				VALIDATE_PRODUCT = YES;
			};
			name = Release;
		};
		2070239628B9F267002B03BD /* Debug */ = {
			isa = XCBuildConfiguration;
			buildSettings = {
				ASSETCATALOG_COMPILER_APPICON_NAME = AppIcon;
				ASSETCATALOG_COMPILER_GLOBAL_ACCENT_COLOR_NAME = AccentColor;
				CODE_SIGN_STYLE = Automatic;
				CURRENT_PROJECT_VERSION = 1;
				DEVELOPMENT_ASSET_PATHS = "\"CoreDataCreditCard/Preview Content\"";
				DEVELOPMENT_TEAM = 98RXKD757B;
				ENABLE_PREVIEWS = YES;
				GENERATE_INFOPLIST_FILE = YES;
				INFOPLIST_KEY_UIApplicationSceneManifest_Generation = YES;
				INFOPLIST_KEY_UIApplicationSupportsIndirectInputEvents = YES;
				INFOPLIST_KEY_UILaunchScreen_Generation = YES;
				INFOPLIST_KEY_UISupportedInterfaceOrientations_iPad = "UIInterfaceOrientationPortrait UIInterfaceOrientationPortraitUpsideDown UIInterfaceOrientationLandscapeLeft UIInterfaceOrientationLandscapeRight";
				INFOPLIST_KEY_UISupportedInterfaceOrientations_iPhone = "UIInterfaceOrientationPortrait UIInterfaceOrientationLandscapeLeft UIInterfaceOrientationLandscapeRight";
				LD_RUNPATH_SEARCH_PATHS = (
					"$(inherited)",
					"@executable_path/Frameworks",
				);
				MARKETING_VERSION = 1.0;
				PRODUCT_BUNDLE_IDENTIFIER = su.frank.CoreDataCreditCard;
				PRODUCT_NAME = "$(TARGET_NAME)";
				SWIFT_EMIT_LOC_STRINGS = YES;
				SWIFT_VERSION = 5.0;
				TARGETED_DEVICE_FAMILY = "1,2";
			};
			name = Debug;
		};
		2070239728B9F267002B03BD /* Release */ = {
			isa = XCBuildConfiguration;
			buildSettings = {
				ASSETCATALOG_COMPILER_APPICON_NAME = AppIcon;
				ASSETCATALOG_COMPILER_GLOBAL_ACCENT_COLOR_NAME = AccentColor;
				CODE_SIGN_STYLE = Automatic;
				CURRENT_PROJECT_VERSION = 1;
				DEVELOPMENT_ASSET_PATHS = "\"CoreDataCreditCard/Preview Content\"";
				DEVELOPMENT_TEAM = 98RXKD757B;
				ENABLE_PREVIEWS = YES;
				GENERATE_INFOPLIST_FILE = YES;
				INFOPLIST_KEY_UIApplicationSceneManifest_Generation = YES;
				INFOPLIST_KEY_UIApplicationSupportsIndirectInputEvents = YES;
				INFOPLIST_KEY_UILaunchScreen_Generation = YES;
				INFOPLIST_KEY_UISupportedInterfaceOrientations_iPad = "UIInterfaceOrientationPortrait UIInterfaceOrientationPortraitUpsideDown UIInterfaceOrientationLandscapeLeft UIInterfaceOrientationLandscapeRight";
				INFOPLIST_KEY_UISupportedInterfaceOrientations_iPhone = "UIInterfaceOrientationPortrait UIInterfaceOrientationLandscapeLeft UIInterfaceOrientationLandscapeRight";
				LD_RUNPATH_SEARCH_PATHS = (
					"$(inherited)",
					"@executable_path/Frameworks",
				);
				MARKETING_VERSION = 1.0;
				PRODUCT_BUNDLE_IDENTIFIER = su.frank.CoreDataCreditCard;
				PRODUCT_NAME = "$(TARGET_NAME)";
				SWIFT_EMIT_LOC_STRINGS = YES;
				SWIFT_VERSION = 5.0;
				TARGETED_DEVICE_FAMILY = "1,2";
			};
			name = Release;
		};
/* End XCBuildConfiguration section */

/* Begin XCConfigurationList section */
		2070237D28B9F265002B03BD /* Build configuration list for PBXProject "CoreDataCreditCard" */ = {
			isa = XCConfigurationList;
			buildConfigurations = (
				2070239328B9F267002B03BD /* Debug */,
				2070239428B9F267002B03BD /* Release */,
			);
			defaultConfigurationIsVisible = 0;
			defaultConfigurationName = Release;
		};
		2070239528B9F267002B03BD /* Build configuration list for PBXNativeTarget "CoreDataCreditCard" */ = {
			isa = XCConfigurationList;
			buildConfigurations = (
				2070239628B9F267002B03BD /* Debug */,
				2070239728B9F267002B03BD /* Release */,
			);
			defaultConfigurationIsVisible = 0;
			defaultConfigurationName = Release;
		};
/* End XCConfigurationList section */

/* Begin XCVersionGroup section */
		2070239028B9F267002B03BD /* CoreDataCreditCard.xcdatamodeld */ = {
			isa = XCVersionGroup;
			children = (
				2070239128B9F267002B03BD /* CoreDataCreditCard.xcdatamodel */,
			);
			currentVersion = 2070239128B9F267002B03BD /* CoreDataCreditCard.xcdatamodel */;
			path = CoreDataCreditCard.xcdatamodeld;
			sourceTree = "<group>";
			versionGroupType = wrapper.xcdatamodel;
		};
/* End XCVersionGroup section */
	};
	rootObject = 2070237A28B9F265002B03BD /* Project object */;
}
